
Microsoft Visual Studio Solution File, Format Version 12.00
# Visual Studio Version 17
VisualStudioVersion = 17.4.33213.308
MinimumVisualStudioVersion = 10.0.40219.1
Project("{FAE04EC0-301F-11D3-BF4B-00C04F79EFBC}") = "TimerExample2", "TimerExample2\TimerExample2.csproj", "{36DA0450-1F4A-4B92-A224-7E6F897DD2FC}"
EndProject
Global
	GlobalSection(SolutionConfigurationPlatforms) = preSolution
		Debug|Any CPU = Debug|Any CPU
		Release|Any CPU = Release|Any CPU
	EndGlobalSection
	GlobalSection(ProjectConfigurationPlatforms) = postSolution
		{36DA0450-1F4A-4B92-A224-7E6F897DD2FC}.Debug|Any CPU.ActiveCfg = Debug|Any CPU
		{36DA0450-1F4A-4B92-A224-7E6F897DD2FC}.Debug|Any CPU.Build.0 = Debug|Any CPU
		{36DA0450-1F4A-4B92-A224-7E6F897DD2FC}.Release|Any CPU.ActiveCfg = Release|Any CPU
		{36DA0450-1F4A-4B92-A224-7E6F897DD2FC}.Release|Any CPU.Build.0 = Release|Any CPU
	EndGlobalSection
	GlobalSection(SolutionProperties) = preSolution
		HideSolutionNode = FALSE
	EndGlobalSection
	GlobalSection(ExtensibilityGlobals) = postSolution
		SolutionGuid = {877AF178-1CA9-4A5A-8E10-00F9746D8769}
	EndGlobalSection
EndGlobal
